
Microsoft Visual Studio Solution File, Format Version 12.00
# Visual Studio Version 16
VisualStudioVersion = 16.0.29102.190
MinimumVisualStudioVersion = 10.0.40219.1
Project("{2150E333-8FDC-42A3-9474-1A3956D46DE8}") = "Web", "Web", "{34B71E7C-C19F-4B4E-96F8-767EBB296DF6}"
EndProject
Project("{9A19103F-16F7-4668-BE54-9A1E7A4F7556}") = "GoOut.Web", "Web\GoOut.Web\GoOut.Web.csproj", "{A8CCEDEF-9516-4E03-8F8D-87CC2E8372CB}"
EndProject
Project("{2150E333-8FDC-42A3-9474-1A3956D46DE8}") = "Data", "Data", "{947375DB-16D1-465D-A6A3-39025E21E9FC}"
EndProject
Project("{9A19103F-16F7-4668-BE54-9A1E7A4F7556}") = "GoOut.Data", "Data\GoOut.Data\GoOut.Data.csproj", "{A92BD670-3216-45CC-9F20-03DEE31C80E8}"
EndProject
Project("{FAE04EC0-301F-11D3-BF4B-00C04F79EFBC}") = "GoOut.Data.Models", "Data\GoOut.Data.Models\GoOut.Data.Models.csproj", "{EB26DEDC-1D86-4518-BF4C-9F312E0BED75}"
EndProject
Project("{FAE04EC0-301F-11D3-BF4B-00C04F79EFBC}") = "GoOut.Data.Common", "Data\GoOut.Data.Common\GoOut.Data.Common.csproj", "{030A3B7D-34FA-43D7-940D-393470F3E78B}"
EndProject
Global
	GlobalSection(SolutionConfigurationPlatforms) = preSolution
		Debug|Any CPU = Debug|Any CPU
		Release|Any CPU = Release|Any CPU
	EndGlobalSection
	GlobalSection(ProjectConfigurationPlatforms) = postSolution
		{A8CCEDEF-9516-4E03-8F8D-87CC2E8372CB}.Debug|Any CPU.ActiveCfg = Debug|Any CPU
		{A8CCEDEF-9516-4E03-8F8D-87CC2E8372CB}.Debug|Any CPU.Build.0 = Debug|Any CPU
		{A8CCEDEF-9516-4E03-8F8D-87CC2E8372CB}.Release|Any CPU.ActiveCfg = Release|Any CPU
		{A8CCEDEF-9516-4E03-8F8D-87CC2E8372CB}.Release|Any CPU.Build.0 = Release|Any CPU
		{A92BD670-3216-45CC-9F20-03DEE31C80E8}.Debug|Any CPU.ActiveCfg = Debug|Any CPU
		{A92BD670-3216-45CC-9F20-03DEE31C80E8}.Debug|Any CPU.Build.0 = Debug|Any CPU
		{A92BD670-3216-45CC-9F20-03DEE31C80E8}.Release|Any CPU.ActiveCfg = Release|Any CPU
		{A92BD670-3216-45CC-9F20-03DEE31C80E8}.Release|Any CPU.Build.0 = Release|Any CPU
		{EB26DEDC-1D86-4518-BF4C-9F312E0BED75}.Debug|Any CPU.ActiveCfg = Debug|Any CPU
		{EB26DEDC-1D86-4518-BF4C-9F312E0BED75}.Debug|Any CPU.Build.0 = Debug|Any CPU
		{EB26DEDC-1D86-4518-BF4C-9F312E0BED75}.Release|Any CPU.ActiveCfg = Release|Any CPU
		{EB26DEDC-1D86-4518-BF4C-9F312E0BED75}.Release|Any CPU.Build.0 = Release|Any CPU
		{030A3B7D-34FA-43D7-940D-393470F3E78B}.Debug|Any CPU.ActiveCfg = Debug|Any CPU
		{030A3B7D-34FA-43D7-940D-393470F3E78B}.Debug|Any CPU.Build.0 = Debug|Any CPU
		{030A3B7D-34FA-43D7-940D-393470F3E78B}.Release|Any CPU.ActiveCfg = Release|Any CPU
		{030A3B7D-34FA-43D7-940D-393470F3E78B}.Release|Any CPU.Build.0 = Release|Any CPU
	EndGlobalSection
	GlobalSection(SolutionProperties) = preSolution
		HideSolutionNode = FALSE
	EndGlobalSection
	GlobalSection(NestedProjects) = preSolution
		{A8CCEDEF-9516-4E03-8F8D-87CC2E8372CB} = {34B71E7C-C19F-4B4E-96F8-767EBB296DF6}
		{A92BD670-3216-45CC-9F20-03DEE31C80E8} = {947375DB-16D1-465D-A6A3-39025E21E9FC}
		{EB26DEDC-1D86-4518-BF4C-9F312E0BED75} = {947375DB-16D1-465D-A6A3-39025E21E9FC}
		{030A3B7D-34FA-43D7-940D-393470F3E78B} = {947375DB-16D1-465D-A6A3-39025E21E9FC}
	EndGlobalSection
	GlobalSection(ExtensibilityGlobals) = postSolution
		SolutionGuid = {4548C76B-C87B-4A40-AD10-57CA24F9B46F}
	EndGlobalSection
EndGlobal
