
Microsoft Visual Studio Solution File, Format Version 12.00
# Visual Studio Version 16
VisualStudioVersion = 16.0.29102.190
MinimumVisualStudioVersion = 10.0.40219.1
Project("{2150E333-8FDC-42A3-9474-1A3956D46DE8}") = "Web", "Web", "{34B71E7C-C19F-4B4E-96F8-767EBB296DF6}"
EndProject
Project("{FAE04EC0-301F-11D3-BF4B-00C04F79EFBC}") = "GoOut.Web", "Web\GoOut.Web\GoOut.Web.csproj", "{A8CCEDEF-9516-4E03-8F8D-87CC2E8372CB}"
EndProject
Global
	GlobalSection(SolutionConfigurationPlatforms) = preSolution
		Debug|Any CPU = Debug|Any CPU
		Release|Any CPU = Release|Any CPU
	EndGlobalSection
	GlobalSection(ProjectConfigurationPlatforms) = postSolution
		{A8CCEDEF-9516-4E03-8F8D-87CC2E8372CB}.Debug|Any CPU.ActiveCfg = Debug|Any CPU
		{A8CCEDEF-9516-4E03-8F8D-87CC2E8372CB}.Debug|Any CPU.Build.0 = Debug|Any CPU
		{A8CCEDEF-9516-4E03-8F8D-87CC2E8372CB}.Release|Any CPU.ActiveCfg = Release|Any CPU
		{A8CCEDEF-9516-4E03-8F8D-87CC2E8372CB}.Release|Any CPU.Build.0 = Release|Any CPU
	EndGlobalSection
	GlobalSection(SolutionProperties) = preSolution
		HideSolutionNode = FALSE
	EndGlobalSection
	GlobalSection(NestedProjects) = preSolution
		{A8CCEDEF-9516-4E03-8F8D-87CC2E8372CB} = {34B71E7C-C19F-4B4E-96F8-767EBB296DF6}
	EndGlobalSection
	GlobalSection(ExtensibilityGlobals) = postSolution
		SolutionGuid = {4548C76B-C87B-4A40-AD10-57CA24F9B46F}
	EndGlobalSection
EndGlobal
